
Microsoft Visual Studio Solution File, Format Version 12.00
# Visual Studio Version 17
VisualStudioVersion = 17.6.33829.357
MinimumVisualStudioVersion = 10.0.40219.1
Project("{9A19103F-16F7-4668-BE54-9A1E7A4F7556}") = "sndbdocker", "sndbdocker\sndbdocker.csproj", "{F7C17522-528A-4260-9649-8EDA05C8669C}"
EndProject
Project("{E53339B2-1760-4266-BCC7-CA923CBCF16C}") = "docker-compose", "docker-compose.dcproj", "{CE71A8F5-0573-4E55-A072-380B27191701}"
EndProject
Global
	GlobalSection(SolutionConfigurationPlatforms) = preSolution
		Debug|Any CPU = Debug|Any CPU
		Release|Any CPU = Release|Any CPU
	EndGlobalSection
	GlobalSection(ProjectConfigurationPlatforms) = postSolution
		{F7C17522-528A-4260-9649-8EDA05C8669C}.Debug|Any CPU.ActiveCfg = Debug|Any CPU
		{F7C17522-528A-4260-9649-8EDA05C8669C}.Debug|Any CPU.Build.0 = Debug|Any CPU
		{F7C17522-528A-4260-9649-8EDA05C8669C}.Release|Any CPU.ActiveCfg = Release|Any CPU
		{F7C17522-528A-4260-9649-8EDA05C8669C}.Release|Any CPU.Build.0 = Release|Any CPU
		{CE71A8F5-0573-4E55-A072-380B27191701}.Debug|Any CPU.ActiveCfg = Debug|Any CPU
		{CE71A8F5-0573-4E55-A072-380B27191701}.Debug|Any CPU.Build.0 = Debug|Any CPU
		{CE71A8F5-0573-4E55-A072-380B27191701}.Release|Any CPU.ActiveCfg = Release|Any CPU
		{CE71A8F5-0573-4E55-A072-380B27191701}.Release|Any CPU.Build.0 = Release|Any CPU
	EndGlobalSection
	GlobalSection(SolutionProperties) = preSolution
		HideSolutionNode = FALSE
	EndGlobalSection
	GlobalSection(ExtensibilityGlobals) = postSolution
		SolutionGuid = {CD67D6C8-A4DF-4785-8B0E-1B18DFF4CD7F}
	EndGlobalSection
EndGlobal
